// !$*UTF8*$!
{
	archiveVersion = 1;
	classes = {
	};
	objectVersion = 55;
	objects = {

/* Begin PBXBuildFile section */
		352ED8F9288F0F7600065E19 /* StatementPresenterTests.swift in Sources */ = {isa = PBXBuildFile; fileRef = 352ED8F8288F0F7600065E19 /* StatementPresenterTests.swift */; };
		352ED8FC288F284000065E19 /* AddTransactionViewController.swift in Sources */ = {isa = PBXBuildFile; fileRef = 352ED8FB288F284000065E19 /* AddTransactionViewController.swift */; };
		352ED901288F837D00065E19 /* CustomFieldView.swift in Sources */ = {isa = PBXBuildFile; fileRef = 352ED900288F837D00065E19 /* CustomFieldView.swift */; };
		35963696288BC5BC00DBF5E6 /* AppDelegate.swift in Sources */ = {isa = PBXBuildFile; fileRef = 35963695288BC5BC00DBF5E6 /* AppDelegate.swift */; };
		3596369F288BC5BC00DBF5E6 /* Assets.xcassets in Resources */ = {isa = PBXBuildFile; fileRef = 3596369E288BC5BC00DBF5E6 /* Assets.xcassets */; };
		359636A2288BC5BC00DBF5E6 /* LaunchScreen.storyboard in Resources */ = {isa = PBXBuildFile; fileRef = 359636A0288BC5BC00DBF5E6 /* LaunchScreen.storyboard */; };
		359636B7288BC5BD00DBF5E6 /* WalletUITests.swift in Sources */ = {isa = PBXBuildFile; fileRef = 359636B6288BC5BD00DBF5E6 /* WalletUITests.swift */; };
		359636B9288BC5BD00DBF5E6 /* WalletUITestsLaunchTests.swift in Sources */ = {isa = PBXBuildFile; fileRef = 359636B8288BC5BD00DBF5E6 /* WalletUITestsLaunchTests.swift */; };
		35967003288C3AB300D5A737 /* FinanceInfoCardView.swift in Sources */ = {isa = PBXBuildFile; fileRef = 35967002288C3AB300D5A737 /* FinanceInfoCardView.swift */; };
		35967006288C3AEB00D5A737 /* ViewCodable.swift in Sources */ = {isa = PBXBuildFile; fileRef = 35967005288C3AEB00D5A737 /* ViewCodable.swift */; };
		35967008288C3DFA00D5A737 /* KeyValueView.swift in Sources */ = {isa = PBXBuildFile; fileRef = 35967007288C3DFA00D5A737 /* KeyValueView.swift */; };
		3596700B288C3FD700D5A737 /* UIView+Extensions.swift in Sources */ = {isa = PBXBuildFile; fileRef = 3596700A288C3FD700D5A737 /* UIView+Extensions.swift */; };
		3596701B288E020600D5A737 /* TransactionsTableView.swift in Sources */ = {isa = PBXBuildFile; fileRef = 3596701A288E020600D5A737 /* TransactionsTableView.swift */; };
		3596701D288E042F00D5A737 /* StatementViewController.swift in Sources */ = {isa = PBXBuildFile; fileRef = 3596701C288E042F00D5A737 /* StatementViewController.swift */; };
		3596701F288E0AF000D5A737 /* StatementPresenter.swift in Sources */ = {isa = PBXBuildFile; fileRef = 3596701E288E0AF000D5A737 /* StatementPresenter.swift */; };
		35967023288E0B2C00D5A737 /* StatementModel.swift in Sources */ = {isa = PBXBuildFile; fileRef = 35967022288E0B2C00D5A737 /* StatementModel.swift */; };
		35967025288E2C8800D5A737 /* Formatters.swift in Sources */ = {isa = PBXBuildFile; fileRef = 35967024288E2C8800D5A737 /* Formatters.swift */; };
/* End PBXBuildFile section */

/* Begin PBXContainerItemProxy section */
		359636A9288BC5BD00DBF5E6 /* PBXContainerItemProxy */ = {
			isa = PBXContainerItemProxy;
			containerPortal = 3596368A288BC5BC00DBF5E6 /* Project object */;
			proxyType = 1;
			remoteGlobalIDString = 35963691288BC5BC00DBF5E6;
			remoteInfo = Wallet;
		};
		359636B3288BC5BD00DBF5E6 /* PBXContainerItemProxy */ = {
			isa = PBXContainerItemProxy;
			containerPortal = 3596368A288BC5BC00DBF5E6 /* Project object */;
			proxyType = 1;
			remoteGlobalIDString = 35963691288BC5BC00DBF5E6;
			remoteInfo = Wallet;
		};
/* End PBXContainerItemProxy section */

/* Begin PBXFileReference section */
		352ED8F8288F0F7600065E19 /* StatementPresenterTests.swift */ = {isa = PBXFileReference; lastKnownFileType = sourcecode.swift; path = StatementPresenterTests.swift; sourceTree = "<group>"; };
		352ED8FB288F284000065E19 /* AddTransactionViewController.swift */ = {isa = PBXFileReference; lastKnownFileType = sourcecode.swift; path = AddTransactionViewController.swift; sourceTree = "<group>"; };
		352ED900288F837D00065E19 /* CustomFieldView.swift */ = {isa = PBXFileReference; lastKnownFileType = sourcecode.swift; path = CustomFieldView.swift; sourceTree = "<group>"; };
		35963692288BC5BC00DBF5E6 /* Wallet.app */ = {isa = PBXFileReference; explicitFileType = wrapper.application; includeInIndex = 0; path = Wallet.app; sourceTree = BUILT_PRODUCTS_DIR; };
		35963695288BC5BC00DBF5E6 /* AppDelegate.swift */ = {isa = PBXFileReference; lastKnownFileType = sourcecode.swift; path = AppDelegate.swift; sourceTree = "<group>"; };
		3596369E288BC5BC00DBF5E6 /* Assets.xcassets */ = {isa = PBXFileReference; lastKnownFileType = folder.assetcatalog; path = Assets.xcassets; sourceTree = "<group>"; };
		359636A1288BC5BC00DBF5E6 /* Base */ = {isa = PBXFileReference; lastKnownFileType = file.storyboard; name = Base; path = Base.lproj/LaunchScreen.storyboard; sourceTree = "<group>"; };
		359636A3288BC5BC00DBF5E6 /* Info.plist */ = {isa = PBXFileReference; lastKnownFileType = text.plist.xml; path = Info.plist; sourceTree = "<group>"; };
		359636A8288BC5BD00DBF5E6 /* WalletTests.xctest */ = {isa = PBXFileReference; explicitFileType = wrapper.cfbundle; includeInIndex = 0; path = WalletTests.xctest; sourceTree = BUILT_PRODUCTS_DIR; };
		359636B2288BC5BD00DBF5E6 /* WalletUITests.xctest */ = {isa = PBXFileReference; explicitFileType = wrapper.cfbundle; includeInIndex = 0; path = WalletUITests.xctest; sourceTree = BUILT_PRODUCTS_DIR; };
		359636B6288BC5BD00DBF5E6 /* WalletUITests.swift */ = {isa = PBXFileReference; lastKnownFileType = sourcecode.swift; path = WalletUITests.swift; sourceTree = "<group>"; };
		359636B8288BC5BD00DBF5E6 /* WalletUITestsLaunchTests.swift */ = {isa = PBXFileReference; lastKnownFileType = sourcecode.swift; path = WalletUITestsLaunchTests.swift; sourceTree = "<group>"; };
		35967002288C3AB300D5A737 /* FinanceInfoCardView.swift */ = {isa = PBXFileReference; lastKnownFileType = sourcecode.swift; path = FinanceInfoCardView.swift; sourceTree = "<group>"; };
		35967005288C3AEB00D5A737 /* ViewCodable.swift */ = {isa = PBXFileReference; lastKnownFileType = sourcecode.swift; path = ViewCodable.swift; sourceTree = "<group>"; };
		35967007288C3DFA00D5A737 /* KeyValueView.swift */ = {isa = PBXFileReference; lastKnownFileType = sourcecode.swift; path = KeyValueView.swift; sourceTree = "<group>"; };
		3596700A288C3FD700D5A737 /* UIView+Extensions.swift */ = {isa = PBXFileReference; lastKnownFileType = sourcecode.swift; path = "UIView+Extensions.swift"; sourceTree = "<group>"; };
		3596701A288E020600D5A737 /* TransactionsTableView.swift */ = {isa = PBXFileReference; fileEncoding = 4; lastKnownFileType = sourcecode.swift; path = TransactionsTableView.swift; sourceTree = "<group>"; };
		3596701C288E042F00D5A737 /* StatementViewController.swift */ = {isa = PBXFileReference; fileEncoding = 4; lastKnownFileType = sourcecode.swift; path = StatementViewController.swift; sourceTree = "<group>"; };
		3596701E288E0AF000D5A737 /* StatementPresenter.swift */ = {isa = PBXFileReference; lastKnownFileType = sourcecode.swift; path = StatementPresenter.swift; sourceTree = "<group>"; };
		35967022288E0B2C00D5A737 /* StatementModel.swift */ = {isa = PBXFileReference; lastKnownFileType = sourcecode.swift; path = StatementModel.swift; sourceTree = "<group>"; };
		35967024288E2C8800D5A737 /* Formatters.swift */ = {isa = PBXFileReference; lastKnownFileType = sourcecode.swift; path = Formatters.swift; sourceTree = "<group>"; };
/* End PBXFileReference section */

/* Begin PBXFrameworksBuildPhase section */
		3596368F288BC5BC00DBF5E6 /* Frameworks */ = {
			isa = PBXFrameworksBuildPhase;
			buildActionMask = 2147483647;
			files = (
			);
			runOnlyForDeploymentPostprocessing = 0;
		};
		359636A5288BC5BD00DBF5E6 /* Frameworks */ = {
			isa = PBXFrameworksBuildPhase;
			buildActionMask = 2147483647;
			files = (
			);
			runOnlyForDeploymentPostprocessing = 0;
		};
		359636AF288BC5BD00DBF5E6 /* Frameworks */ = {
			isa = PBXFrameworksBuildPhase;
			buildActionMask = 2147483647;
			files = (
			);
			runOnlyForDeploymentPostprocessing = 0;
		};
/* End PBXFrameworksBuildPhase section */

/* Begin PBXGroup section */
		352ED8FA288F280B00065E19 /* Add Transaction */ = {
			isa = PBXGroup;
			children = (
				352ED8FB288F284000065E19 /* AddTransactionViewController.swift */,
				352ED8FD288F556900065E19 /* Components */,
			);
			path = "Add Transaction";
			sourceTree = "<group>";
		};
		352ED8FD288F556900065E19 /* Components */ = {
			isa = PBXGroup;
			children = (
				352ED900288F837D00065E19 /* CustomFieldView.swift */,
			);
			path = Components;
			sourceTree = "<group>";
		};
		35963689288BC5BC00DBF5E6 = {
			isa = PBXGroup;
			children = (
				35963694288BC5BC00DBF5E6 /* Wallet */,
				359636AB288BC5BD00DBF5E6 /* WalletTests */,
				359636B5288BC5BD00DBF5E6 /* WalletUITests */,
				35963693288BC5BC00DBF5E6 /* Products */,
			);
			sourceTree = "<group>";
		};
		35963693288BC5BC00DBF5E6 /* Products */ = {
			isa = PBXGroup;
			children = (
				35963692288BC5BC00DBF5E6 /* Wallet.app */,
				359636A8288BC5BD00DBF5E6 /* WalletTests.xctest */,
				359636B2288BC5BD00DBF5E6 /* WalletUITests.xctest */,
			);
			name = Products;
			sourceTree = "<group>";
		};
		35963694288BC5BC00DBF5E6 /* Wallet */ = {
			isa = PBXGroup;
			children = (
				35963695288BC5BC00DBF5E6 /* AppDelegate.swift */,
				359636C5288BC6B100DBF5E6 /* Resource */,
				359636C6288BC6C700DBF5E6 /* Source */,
			);
			path = Wallet;
			sourceTree = "<group>";
		};
		359636AB288BC5BD00DBF5E6 /* WalletTests */ = {
			isa = PBXGroup;
			children = (
				352ED8F8288F0F7600065E19 /* StatementPresenterTests.swift */,
			);
			path = WalletTests;
			sourceTree = "<group>";
		};
		359636B5288BC5BD00DBF5E6 /* WalletUITests */ = {
			isa = PBXGroup;
			children = (
				359636B6288BC5BD00DBF5E6 /* WalletUITests.swift */,
				359636B8288BC5BD00DBF5E6 /* WalletUITestsLaunchTests.swift */,
			);
			path = WalletUITests;
			sourceTree = "<group>";
		};
		359636C5288BC6B100DBF5E6 /* Resource */ = {
			isa = PBXGroup;
			children = (
				3596369E288BC5BC00DBF5E6 /* Assets.xcassets */,
				359636A0288BC5BC00DBF5E6 /* LaunchScreen.storyboard */,
				359636A3288BC5BC00DBF5E6 /* Info.plist */,
			);
			path = Resource;
			sourceTree = "<group>";
		};
		359636C6288BC6C700DBF5E6 /* Source */ = {
			isa = PBXGroup;
			children = (
				352ED8FA288F280B00065E19 /* Add Transaction */,
				35967009288C3F8D00D5A737 /* Extensions */,
				35967004288C3AD600D5A737 /* Protocols */,
				35966FFE288C369600D5A737 /* Statement */,
			);
			path = Source;
			sourceTree = "<group>";
		};
		35966FFE288C369600D5A737 /* Statement */ = {
			isa = PBXGroup;
			children = (
				35967022288E0B2C00D5A737 /* StatementModel.swift */,
				3596701E288E0AF000D5A737 /* StatementPresenter.swift */,
				3596701C288E042F00D5A737 /* StatementViewController.swift */,
				35967001288C3A9E00D5A737 /* Components */,
			);
			path = Statement;
			sourceTree = "<group>";
		};
		35967001288C3A9E00D5A737 /* Components */ = {
			isa = PBXGroup;
			children = (
				3596701A288E020600D5A737 /* TransactionsTableView.swift */,
				35967010288DA43F00D5A737 /* FinancialInfo */,
			);
			path = Components;
			sourceTree = "<group>";
		};
		35967004288C3AD600D5A737 /* Protocols */ = {
			isa = PBXGroup;
			children = (
				35967005288C3AEB00D5A737 /* ViewCodable.swift */,
			);
			path = Protocols;
			sourceTree = "<group>";
		};
		35967009288C3F8D00D5A737 /* Extensions */ = {
			isa = PBXGroup;
			children = (
				35967024288E2C8800D5A737 /* Formatters.swift */,
				3596700A288C3FD700D5A737 /* UIView+Extensions.swift */,
			);
			path = Extensions;
			sourceTree = "<group>";
		};
		35967010288DA43F00D5A737 /* FinancialInfo */ = {
			isa = PBXGroup;
			children = (
				35967002288C3AB300D5A737 /* FinanceInfoCardView.swift */,
				35967007288C3DFA00D5A737 /* KeyValueView.swift */,
			);
			path = FinancialInfo;
			sourceTree = "<group>";
		};
/* End PBXGroup section */

/* Begin PBXNativeTarget section */
		35963691288BC5BC00DBF5E6 /* Wallet */ = {
			isa = PBXNativeTarget;
			buildConfigurationList = 359636BC288BC5BD00DBF5E6 /* Build configuration list for PBXNativeTarget "Wallet" */;
			buildPhases = (
				3596368E288BC5BC00DBF5E6 /* Sources */,
				3596368F288BC5BC00DBF5E6 /* Frameworks */,
				35963690288BC5BC00DBF5E6 /* Resources */,
			);
			buildRules = (
			);
			dependencies = (
			);
			name = Wallet;
			productName = Wallet;
			productReference = 35963692288BC5BC00DBF5E6 /* Wallet.app */;
			productType = "com.apple.product-type.application";
		};
		359636A7288BC5BD00DBF5E6 /* WalletTests */ = {
			isa = PBXNativeTarget;
			buildConfigurationList = 359636BF288BC5BD00DBF5E6 /* Build configuration list for PBXNativeTarget "WalletTests" */;
			buildPhases = (
				359636A4288BC5BD00DBF5E6 /* Sources */,
				359636A5288BC5BD00DBF5E6 /* Frameworks */,
				359636A6288BC5BD00DBF5E6 /* Resources */,
			);
			buildRules = (
			);
			dependencies = (
				359636AA288BC5BD00DBF5E6 /* PBXTargetDependency */,
			);
			name = WalletTests;
			productName = WalletTests;
			productReference = 359636A8288BC5BD00DBF5E6 /* WalletTests.xctest */;
			productType = "com.apple.product-type.bundle.unit-test";
		};
		359636B1288BC5BD00DBF5E6 /* WalletUITests */ = {
			isa = PBXNativeTarget;
			buildConfigurationList = 359636C2288BC5BD00DBF5E6 /* Build configuration list for PBXNativeTarget "WalletUITests" */;
			buildPhases = (
				359636AE288BC5BD00DBF5E6 /* Sources */,
				359636AF288BC5BD00DBF5E6 /* Frameworks */,
				359636B0288BC5BD00DBF5E6 /* Resources */,
			);
			buildRules = (
			);
			dependencies = (
				359636B4288BC5BD00DBF5E6 /* PBXTargetDependency */,
			);
			name = WalletUITests;
			productName = WalletUITests;
			productReference = 359636B2288BC5BD00DBF5E6 /* WalletUITests.xctest */;
			productType = "com.apple.product-type.bundle.ui-testing";
		};
/* End PBXNativeTarget section */

/* Begin PBXProject section */
		3596368A288BC5BC00DBF5E6 /* Project object */ = {
			isa = PBXProject;
			attributes = {
				BuildIndependentTargetsInParallel = 1;
				LastSwiftUpdateCheck = 1340;
				LastUpgradeCheck = 1340;
				TargetAttributes = {
					35963691288BC5BC00DBF5E6 = {
						CreatedOnToolsVersion = 13.4.1;
					};
					359636A7288BC5BD00DBF5E6 = {
						CreatedOnToolsVersion = 13.4.1;
						LastSwiftMigration = 1340;
						TestTargetID = 35963691288BC5BC00DBF5E6;
					};
					359636B1288BC5BD00DBF5E6 = {
						CreatedOnToolsVersion = 13.4.1;
						TestTargetID = 35963691288BC5BC00DBF5E6;
					};
				};
			};
			buildConfigurationList = 3596368D288BC5BC00DBF5E6 /* Build configuration list for PBXProject "Wallet" */;
			compatibilityVersion = "Xcode 13.0";
			developmentRegion = en;
			hasScannedForEncodings = 0;
			knownRegions = (
				en,
				Base,
			);
			mainGroup = 35963689288BC5BC00DBF5E6;
			productRefGroup = 35963693288BC5BC00DBF5E6 /* Products */;
			projectDirPath = "";
			projectRoot = "";
			targets = (
				35963691288BC5BC00DBF5E6 /* Wallet */,
				359636A7288BC5BD00DBF5E6 /* WalletTests */,
				359636B1288BC5BD00DBF5E6 /* WalletUITests */,
			);
		};
/* End PBXProject section */

/* Begin PBXResourcesBuildPhase section */
		35963690288BC5BC00DBF5E6 /* Resources */ = {
			isa = PBXResourcesBuildPhase;
			buildActionMask = 2147483647;
			files = (
				359636A2288BC5BC00DBF5E6 /* LaunchScreen.storyboard in Resources */,
				3596369F288BC5BC00DBF5E6 /* Assets.xcassets in Resources */,
			);
			runOnlyForDeploymentPostprocessing = 0;
		};
		359636A6288BC5BD00DBF5E6 /* Resources */ = {
			isa = PBXResourcesBuildPhase;
			buildActionMask = 2147483647;
			files = (
			);
			runOnlyForDeploymentPostprocessing = 0;
		};
		359636B0288BC5BD00DBF5E6 /* Resources */ = {
			isa = PBXResourcesBuildPhase;
			buildActionMask = 2147483647;
			files = (
			);
			runOnlyForDeploymentPostprocessing = 0;
		};
/* End PBXResourcesBuildPhase section */

/* Begin PBXSourcesBuildPhase section */
		3596368E288BC5BC00DBF5E6 /* Sources */ = {
			isa = PBXSourcesBuildPhase;
			buildActionMask = 2147483647;
			files = (
				352ED901288F837D00065E19 /* CustomFieldView.swift in Sources */,
				3596701F288E0AF000D5A737 /* StatementPresenter.swift in Sources */,
				352ED8FC288F284000065E19 /* AddTransactionViewController.swift in Sources */,
				3596700B288C3FD700D5A737 /* UIView+Extensions.swift in Sources */,
				35967025288E2C8800D5A737 /* Formatters.swift in Sources */,
				3596701B288E020600D5A737 /* TransactionsTableView.swift in Sources */,
				35967023288E0B2C00D5A737 /* StatementModel.swift in Sources */,
				35967008288C3DFA00D5A737 /* KeyValueView.swift in Sources */,
				35967003288C3AB300D5A737 /* FinanceInfoCardView.swift in Sources */,
				3596701D288E042F00D5A737 /* StatementViewController.swift in Sources */,
				35967006288C3AEB00D5A737 /* ViewCodable.swift in Sources */,
				35963696288BC5BC00DBF5E6 /* AppDelegate.swift in Sources */,
			);
			runOnlyForDeploymentPostprocessing = 0;
		};
		359636A4288BC5BD00DBF5E6 /* Sources */ = {
			isa = PBXSourcesBuildPhase;
			buildActionMask = 2147483647;
			files = (
				352ED8F9288F0F7600065E19 /* StatementPresenterTests.swift in Sources */,
			);
			runOnlyForDeploymentPostprocessing = 0;
		};
		359636AE288BC5BD00DBF5E6 /* Sources */ = {
			isa = PBXSourcesBuildPhase;
			buildActionMask = 2147483647;
			files = (
				359636B7288BC5BD00DBF5E6 /* WalletUITests.swift in Sources */,
				359636B9288BC5BD00DBF5E6 /* WalletUITestsLaunchTests.swift in Sources */,
			);
			runOnlyForDeploymentPostprocessing = 0;
		};
/* End PBXSourcesBuildPhase section */

/* Begin PBXTargetDependency section */
		359636AA288BC5BD00DBF5E6 /* PBXTargetDependency */ = {
			isa = PBXTargetDependency;
			target = 35963691288BC5BC00DBF5E6 /* Wallet */;
			targetProxy = 359636A9288BC5BD00DBF5E6 /* PBXContainerItemProxy */;
		};
		359636B4288BC5BD00DBF5E6 /* PBXTargetDependency */ = {
			isa = PBXTargetDependency;
			target = 35963691288BC5BC00DBF5E6 /* Wallet */;
			targetProxy = 359636B3288BC5BD00DBF5E6 /* PBXContainerItemProxy */;
		};
/* End PBXTargetDependency section */

/* Begin PBXVariantGroup section */
		359636A0288BC5BC00DBF5E6 /* LaunchScreen.storyboard */ = {
			isa = PBXVariantGroup;
			children = (
				359636A1288BC5BC00DBF5E6 /* Base */,
			);
			name = LaunchScreen.storyboard;
			sourceTree = "<group>";
		};
/* End PBXVariantGroup section */

/* Begin XCBuildConfiguration section */
		359636BA288BC5BD00DBF5E6 /* Debug */ = {
			isa = XCBuildConfiguration;
			buildSettings = {
				ALWAYS_SEARCH_USER_PATHS = NO;
				CLANG_ANALYZER_NONNULL = YES;
				CLANG_ANALYZER_NUMBER_OBJECT_CONVERSION = YES_AGGRESSIVE;
				CLANG_CXX_LANGUAGE_STANDARD = "gnu++17";
				CLANG_ENABLE_MODULES = YES;
				CLANG_ENABLE_OBJC_ARC = YES;
				CLANG_ENABLE_OBJC_WEAK = YES;
				CLANG_WARN_BLOCK_CAPTURE_AUTORELEASING = YES;
				CLANG_WARN_BOOL_CONVERSION = YES;
				CLANG_WARN_COMMA = YES;
				CLANG_WARN_CONSTANT_CONVERSION = YES;
				CLANG_WARN_DEPRECATED_OBJC_IMPLEMENTATIONS = YES;
				CLANG_WARN_DIRECT_OBJC_ISA_USAGE = YES_ERROR;
				CLANG_WARN_DOCUMENTATION_COMMENTS = YES;
				CLANG_WARN_EMPTY_BODY = YES;
				CLANG_WARN_ENUM_CONVERSION = YES;
				CLANG_WARN_INFINITE_RECURSION = YES;
				CLANG_WARN_INT_CONVERSION = YES;
				CLANG_WARN_NON_LITERAL_NULL_CONVERSION = YES;
				CLANG_WARN_OBJC_IMPLICIT_RETAIN_SELF = YES;
				CLANG_WARN_OBJC_LITERAL_CONVERSION = YES;
				CLANG_WARN_OBJC_ROOT_CLASS = YES_ERROR;
				CLANG_WARN_QUOTED_INCLUDE_IN_FRAMEWORK_HEADER = YES;
				CLANG_WARN_RANGE_LOOP_ANALYSIS = YES;
				CLANG_WARN_STRICT_PROTOTYPES = YES;
				CLANG_WARN_SUSPICIOUS_MOVE = YES;
				CLANG_WARN_UNGUARDED_AVAILABILITY = YES_AGGRESSIVE;
				CLANG_WARN_UNREACHABLE_CODE = YES;
				CLANG_WARN__DUPLICATE_METHOD_MATCH = YES;
				COPY_PHASE_STRIP = NO;
				DEBUG_INFORMATION_FORMAT = dwarf;
				ENABLE_STRICT_OBJC_MSGSEND = YES;
				ENABLE_TESTABILITY = YES;
				GCC_C_LANGUAGE_STANDARD = gnu11;
				GCC_DYNAMIC_NO_PIC = NO;
				GCC_NO_COMMON_BLOCKS = YES;
				GCC_OPTIMIZATION_LEVEL = 0;
				GCC_PREPROCESSOR_DEFINITIONS = (
					"DEBUG=1",
					"$(inherited)",
				);
				GCC_WARN_64_TO_32_BIT_CONVERSION = YES;
				GCC_WARN_ABOUT_RETURN_TYPE = YES_ERROR;
				GCC_WARN_UNDECLARED_SELECTOR = YES;
				GCC_WARN_UNINITIALIZED_AUTOS = YES_AGGRESSIVE;
				GCC_WARN_UNUSED_FUNCTION = YES;
				GCC_WARN_UNUSED_VARIABLE = YES;
				IPHONEOS_DEPLOYMENT_TARGET = 13.0;
				MTL_ENABLE_DEBUG_INFO = INCLUDE_SOURCE;
				MTL_FAST_MATH = YES;
				ONLY_ACTIVE_ARCH = YES;
				SDKROOT = iphoneos;
				SWIFT_ACTIVE_COMPILATION_CONDITIONS = DEBUG;
				SWIFT_OPTIMIZATION_LEVEL = "-Onone";
			};
			name = Debug;
		};
		359636BB288BC5BD00DBF5E6 /* Release */ = {
			isa = XCBuildConfiguration;
			buildSettings = {
				ALWAYS_SEARCH_USER_PATHS = NO;
				CLANG_ANALYZER_NONNULL = YES;
				CLANG_ANALYZER_NUMBER_OBJECT_CONVERSION = YES_AGGRESSIVE;
				CLANG_CXX_LANGUAGE_STANDARD = "gnu++17";
				CLANG_ENABLE_MODULES = YES;
				CLANG_ENABLE_OBJC_ARC = YES;
				CLANG_ENABLE_OBJC_WEAK = YES;
				CLANG_WARN_BLOCK_CAPTURE_AUTORELEASING = YES;
				CLANG_WARN_BOOL_CONVERSION = YES;
				CLANG_WARN_COMMA = YES;
				CLANG_WARN_CONSTANT_CONVERSION = YES;
				CLANG_WARN_DEPRECATED_OBJC_IMPLEMENTATIONS = YES;
				CLANG_WARN_DIRECT_OBJC_ISA_USAGE = YES_ERROR;
				CLANG_WARN_DOCUMENTATION_COMMENTS = YES;
				CLANG_WARN_EMPTY_BODY = YES;
				CLANG_WARN_ENUM_CONVERSION = YES;
				CLANG_WARN_INFINITE_RECURSION = YES;
				CLANG_WARN_INT_CONVERSION = YES;
				CLANG_WARN_NON_LITERAL_NULL_CONVERSION = YES;
				CLANG_WARN_OBJC_IMPLICIT_RETAIN_SELF = YES;
				CLANG_WARN_OBJC_LITERAL_CONVERSION = YES;
				CLANG_WARN_OBJC_ROOT_CLASS = YES_ERROR;
				CLANG_WARN_QUOTED_INCLUDE_IN_FRAMEWORK_HEADER = YES;
				CLANG_WARN_RANGE_LOOP_ANALYSIS = YES;
				CLANG_WARN_STRICT_PROTOTYPES = YES;
				CLANG_WARN_SUSPICIOUS_MOVE = YES;
				CLANG_WARN_UNGUARDED_AVAILABILITY = YES_AGGRESSIVE;
				CLANG_WARN_UNREACHABLE_CODE = YES;
				CLANG_WARN__DUPLICATE_METHOD_MATCH = YES;
				COPY_PHASE_STRIP = NO;
				DEBUG_INFORMATION_FORMAT = "dwarf-with-dsym";
				ENABLE_NS_ASSERTIONS = NO;
				ENABLE_STRICT_OBJC_MSGSEND = YES;
				GCC_C_LANGUAGE_STANDARD = gnu11;
				GCC_NO_COMMON_BLOCKS = YES;
				GCC_WARN_64_TO_32_BIT_CONVERSION = YES;
				GCC_WARN_ABOUT_RETURN_TYPE = YES_ERROR;
				GCC_WARN_UNDECLARED_SELECTOR = YES;
				GCC_WARN_UNINITIALIZED_AUTOS = YES_AGGRESSIVE;
				GCC_WARN_UNUSED_FUNCTION = YES;
				GCC_WARN_UNUSED_VARIABLE = YES;
				IPHONEOS_DEPLOYMENT_TARGET = 13.0;
				MTL_ENABLE_DEBUG_INFO = NO;
				MTL_FAST_MATH = YES;
				SDKROOT = iphoneos;
				SWIFT_COMPILATION_MODE = wholemodule;
				SWIFT_OPTIMIZATION_LEVEL = "-O";
				VALIDATE_PRODUCT = YES;
			};
			name = Release;
		};
		359636BD288BC5BD00DBF5E6 /* Debug */ = {
			isa = XCBuildConfiguration;
			buildSettings = {
				ASSETCATALOG_COMPILER_APPICON_NAME = AppIcon;
				ASSETCATALOG_COMPILER_GLOBAL_ACCENT_COLOR_NAME = AccentColor;
				CODE_SIGN_STYLE = Automatic;
				CURRENT_PROJECT_VERSION = 1;
				GENERATE_INFOPLIST_FILE = YES;
				INFOPLIST_FILE = Wallet/Resource/Info.plist;
				INFOPLIST_KEY_UIApplicationSupportsIndirectInputEvents = YES;
				INFOPLIST_KEY_UILaunchStoryboardName = LaunchScreen;
				INFOPLIST_KEY_UISupportedInterfaceOrientations_iPad = "UIInterfaceOrientationPortrait UIInterfaceOrientationPortraitUpsideDown UIInterfaceOrientationLandscapeLeft UIInterfaceOrientationLandscapeRight";
				INFOPLIST_KEY_UISupportedInterfaceOrientations_iPhone = "UIInterfaceOrientationPortrait UIInterfaceOrientationLandscapeLeft UIInterfaceOrientationLandscapeRight";
				IPHONEOS_DEPLOYMENT_TARGET = 13.0;
				LD_RUNPATH_SEARCH_PATHS = (
					"$(inherited)",
					"@executable_path/Frameworks",
				);
				MARKETING_VERSION = 1.0;
				PRODUCT_BUNDLE_IDENTIFIER = com.pedrofveloso.Wallet;
				PRODUCT_NAME = "$(TARGET_NAME)";
				SWIFT_EMIT_LOC_STRINGS = YES;
				SWIFT_VERSION = 5.0;
				TARGETED_DEVICE_FAMILY = 1;
			};
			name = Debug;
		};
		359636BE288BC5BD00DBF5E6 /* Release */ = {
			isa = XCBuildConfiguration;
			buildSettings = {
				ASSETCATALOG_COMPILER_APPICON_NAME = AppIcon;
				ASSETCATALOG_COMPILER_GLOBAL_ACCENT_COLOR_NAME = AccentColor;
				CODE_SIGN_STYLE = Automatic;
				CURRENT_PROJECT_VERSION = 1;
				GENERATE_INFOPLIST_FILE = YES;
				INFOPLIST_FILE = Wallet/Resource/Info.plist;
				INFOPLIST_KEY_UIApplicationSupportsIndirectInputEvents = YES;
				INFOPLIST_KEY_UILaunchStoryboardName = LaunchScreen;
				INFOPLIST_KEY_UISupportedInterfaceOrientations_iPad = "UIInterfaceOrientationPortrait UIInterfaceOrientationPortraitUpsideDown UIInterfaceOrientationLandscapeLeft UIInterfaceOrientationLandscapeRight";
				INFOPLIST_KEY_UISupportedInterfaceOrientations_iPhone = "UIInterfaceOrientationPortrait UIInterfaceOrientationLandscapeLeft UIInterfaceOrientationLandscapeRight";
				IPHONEOS_DEPLOYMENT_TARGET = 13.0;
				LD_RUNPATH_SEARCH_PATHS = (
					"$(inherited)",
					"@executable_path/Frameworks",
				);
				MARKETING_VERSION = 1.0;
				PRODUCT_BUNDLE_IDENTIFIER = com.pedrofveloso.Wallet;
				PRODUCT_NAME = "$(TARGET_NAME)";
				SWIFT_EMIT_LOC_STRINGS = YES;
				SWIFT_VERSION = 5.0;
				TARGETED_DEVICE_FAMILY = 1;
			};
			name = Release;
		};
		359636C0288BC5BD00DBF5E6 /* Debug */ = {
			isa = XCBuildConfiguration;
			buildSettings = {
				ALWAYS_EMBED_SWIFT_STANDARD_LIBRARIES = YES;
				BUNDLE_LOADER = "$(TEST_HOST)";
				CLANG_ENABLE_MODULES = YES;
				CODE_SIGN_STYLE = Automatic;
				CURRENT_PROJECT_VERSION = 1;
				GENERATE_INFOPLIST_FILE = YES;
				IPHONEOS_DEPLOYMENT_TARGET = 15.5;
				LD_RUNPATH_SEARCH_PATHS = (
					"$(inherited)",
					"@executable_path/Frameworks",
					"@loader_path/Frameworks",
				);
				MARKETING_VERSION = 1.0;
				PRODUCT_BUNDLE_IDENTIFIER = com.pedrofveloso.WalletTests;
				PRODUCT_NAME = "$(TARGET_NAME)";
				SWIFT_EMIT_LOC_STRINGS = NO;
				SWIFT_OPTIMIZATION_LEVEL = "-Onone";
				SWIFT_VERSION = 5.0;
				TARGETED_DEVICE_FAMILY = "1,2";
				TEST_HOST = "$(BUILT_PRODUCTS_DIR)/Wallet.app/Wallet";
			};
			name = Debug;
		};
		359636C1288BC5BD00DBF5E6 /* Release */ = {
			isa = XCBuildConfiguration;
			buildSettings = {
				ALWAYS_EMBED_SWIFT_STANDARD_LIBRARIES = YES;
				BUNDLE_LOADER = "$(TEST_HOST)";
				CLANG_ENABLE_MODULES = YES;
				CODE_SIGN_STYLE = Automatic;
				CURRENT_PROJECT_VERSION = 1;
				GENERATE_INFOPLIST_FILE = YES;
				IPHONEOS_DEPLOYMENT_TARGET = 15.5;
				LD_RUNPATH_SEARCH_PATHS = (
					"$(inherited)",
					"@executable_path/Frameworks",
					"@loader_path/Frameworks",
				);
				MARKETING_VERSION = 1.0;
				PRODUCT_BUNDLE_IDENTIFIER = com.pedrofveloso.WalletTests;
				PRODUCT_NAME = "$(TARGET_NAME)";
				SWIFT_EMIT_LOC_STRINGS = NO;
				SWIFT_VERSION = 5.0;
				TARGETED_DEVICE_FAMILY = "1,2";
				TEST_HOST = "$(BUILT_PRODUCTS_DIR)/Wallet.app/Wallet";
			};
			name = Release;
		};
		359636C3288BC5BD00DBF5E6 /* Debug */ = {
			isa = XCBuildConfiguration;
			buildSettings = {
				ALWAYS_EMBED_SWIFT_STANDARD_LIBRARIES = YES;
				CODE_SIGN_STYLE = Automatic;
				CURRENT_PROJECT_VERSION = 1;
				GENERATE_INFOPLIST_FILE = YES;
				MARKETING_VERSION = 1.0;
				PRODUCT_BUNDLE_IDENTIFIER = com.pedrofveloso.WalletUITests;
				PRODUCT_NAME = "$(TARGET_NAME)";
				SWIFT_EMIT_LOC_STRINGS = NO;
				SWIFT_VERSION = 5.0;
				TARGETED_DEVICE_FAMILY = "1,2";
				TEST_TARGET_NAME = Wallet;
			};
			name = Debug;
		};
		359636C4288BC5BD00DBF5E6 /* Release */ = {
			isa = XCBuildConfiguration;
			buildSettings = {
				ALWAYS_EMBED_SWIFT_STANDARD_LIBRARIES = YES;
				CODE_SIGN_STYLE = Automatic;
				CURRENT_PROJECT_VERSION = 1;
				GENERATE_INFOPLIST_FILE = YES;
				MARKETING_VERSION = 1.0;
				PRODUCT_BUNDLE_IDENTIFIER = com.pedrofveloso.WalletUITests;
				PRODUCT_NAME = "$(TARGET_NAME)";
				SWIFT_EMIT_LOC_STRINGS = NO;
				SWIFT_VERSION = 5.0;
				TARGETED_DEVICE_FAMILY = "1,2";
				TEST_TARGET_NAME = Wallet;
			};
			name = Release;
		};
/* End XCBuildConfiguration section */

/* Begin XCConfigurationList section */
		3596368D288BC5BC00DBF5E6 /* Build configuration list for PBXProject "Wallet" */ = {
			isa = XCConfigurationList;
			buildConfigurations = (
				359636BA288BC5BD00DBF5E6 /* Debug */,
				359636BB288BC5BD00DBF5E6 /* Release */,
			);
			defaultConfigurationIsVisible = 0;
			defaultConfigurationName = Release;
		};
		359636BC288BC5BD00DBF5E6 /* Build configuration list for PBXNativeTarget "Wallet" */ = {
			isa = XCConfigurationList;
			buildConfigurations = (
				359636BD288BC5BD00DBF5E6 /* Debug */,
				359636BE288BC5BD00DBF5E6 /* Release */,
			);
			defaultConfigurationIsVisible = 0;
			defaultConfigurationName = Release;
		};
		359636BF288BC5BD00DBF5E6 /* Build configuration list for PBXNativeTarget "WalletTests" */ = {
			isa = XCConfigurationList;
			buildConfigurations = (
				359636C0288BC5BD00DBF5E6 /* Debug */,
				359636C1288BC5BD00DBF5E6 /* Release */,
			);
			defaultConfigurationIsVisible = 0;
			defaultConfigurationName = Release;
		};
		359636C2288BC5BD00DBF5E6 /* Build configuration list for PBXNativeTarget "WalletUITests" */ = {
			isa = XCConfigurationList;
			buildConfigurations = (
				359636C3288BC5BD00DBF5E6 /* Debug */,
				359636C4288BC5BD00DBF5E6 /* Release */,
			);
			defaultConfigurationIsVisible = 0;
			defaultConfigurationName = Release;
		};
/* End XCConfigurationList section */
	};
	rootObject = 3596368A288BC5BC00DBF5E6 /* Project object */;
}
